
Microsoft Visual Studio Solution File, Format Version 12.00
# Visual Studio Version 16
VisualStudioVersion = 16.0.31205.134
MinimumVisualStudioVersion = 10.0.40219.1
Project("{FAE04EC0-301F-11D3-BF4B-00C04F79EFBC}") = "001_BZ", "001_BZ.csproj", "{98658EA0-8C86-42F7-A0BC-59C3E778A970}"
EndProject
Global
	GlobalSection(SolutionConfigurationPlatforms) = preSolution
		Debug|Any CPU = Debug|Any CPU
		Release|Any CPU = Release|Any CPU
	EndGlobalSection
	GlobalSection(ProjectConfigurationPlatforms) = postSolution
		{98658EA0-8C86-42F7-A0BC-59C3E778A970}.Debug|Any CPU.ActiveCfg = Debug|Any CPU
		{98658EA0-8C86-42F7-A0BC-59C3E778A970}.Debug|Any CPU.Build.0 = Debug|Any CPU
		{98658EA0-8C86-42F7-A0BC-59C3E778A970}.Release|Any CPU.ActiveCfg = Release|Any CPU
		{98658EA0-8C86-42F7-A0BC-59C3E778A970}.Release|Any CPU.Build.0 = Release|Any CPU
	EndGlobalSection
	GlobalSection(SolutionProperties) = preSolution
		HideSolutionNode = FALSE
	EndGlobalSection
	GlobalSection(ExtensibilityGlobals) = postSolution
		SolutionGuid = {C603CB1A-04BF-4231-AC86-9E28ECB969FE}
	EndGlobalSection
EndGlobal
