
Microsoft Visual Studio Solution File, Format Version 12.00
# Visual Studio Version 16
VisualStudioVersion = 16.0.31205.134
MinimumVisualStudioVersion = 10.0.40219.1
Project("{FAE04EC0-301F-11D3-BF4B-00C04F79EFBC}") = "CSProjcet", "CSProjcet.csproj", "{76DAF7DD-0409-477B-89E2-0240AAAFF165}"
EndProject
Project("{FAE04EC0-301F-11D3-BF4B-00C04F79EFBC}") = "001_ArrayList", "..\001_ArrayList\001_ArrayList.csproj", "{80734475-9FB3-4B96-99BB-CD090D56E737}"
EndProject
Project("{FAE04EC0-301F-11D3-BF4B-00C04F79EFBC}") = "002_Queue", "..\002_Queue\002_Queue.csproj", "{51A245B3-BFE2-450C-8640-FCA1D150CB98}"
EndProject
Project("{FAE04EC0-301F-11D3-BF4B-00C04F79EFBC}") = "CheckPoint04", "..\CheckPoint04\CheckPoint04.csproj", "{33235A1B-3D36-4A3D-810C-23121F5536B9}"
EndProject
Project("{FAE04EC0-301F-11D3-BF4B-00C04F79EFBC}") = "003_Stack", "..\003_Stack\003_Stack.csproj", "{B80A8AA0-D83D-4DEA-9D5E-1B5675E939F4}"
EndProject
Project("{FAE04EC0-301F-11D3-BF4B-00C04F79EFBC}") = "CheckPoint04(연습)", "..\CheckPoint04(연습)\CheckPoint04(연습).csproj", "{C95BCABE-B89E-43A6-93E6-5939E0C78793}"
EndProject
Project("{FAE04EC0-301F-11D3-BF4B-00C04F79EFBC}") = "004_Hashtable", "..\004_Hashtable\004_Hashtable.csproj", "{A01FDAC8-016F-4A49-9DCD-6DC8057149A3}"
EndProject
Project("{FAE04EC0-301F-11D3-BF4B-00C04F79EFBC}") = "005_indexer", "..\005_indexer\005_indexer.csproj", "{DF8FA591-50EE-4C5E-B909-7371DC8E966A}"
EndProject
Project("{FAE04EC0-301F-11D3-BF4B-00C04F79EFBC}") = "006_Indexer02", "..\006_Indexer02\006_Indexer02.csproj", "{9513CF02-F135-4D7D-84A7-507533BFC649}"
EndProject
Project("{FAE04EC0-301F-11D3-BF4B-00C04F79EFBC}") = "007_Check", "..\007_Check\007_Check.csproj", "{6D7AAB1D-E7AB-498F-B3E1-70456C74575E}"
EndProject
Project("{FAE04EC0-301F-11D3-BF4B-00C04F79EFBC}") = "009_GenericFunc", "..\009_GenericFunc\009_GenericFunc.csproj", "{F5E305FE-A818-4FE6-8750-D1E7EE3B015E}"
EndProject
Project("{FAE04EC0-301F-11D3-BF4B-00C04F79EFBC}") = "010_GenericFunc2", "..\010_GenericFunc2\010_GenericFunc2.csproj", "{2AA9194E-867A-4315-9021-70CA9E280DE6}"
EndProject
Project("{FAE04EC0-301F-11D3-BF4B-00C04F79EFBC}") = "007_Check(연습)", "..\007_Check(연습)\007_Check(연습).csproj", "{24CF1D9D-22E9-4062-A554-78033700CE1F}"
EndProject
Project("{FAE04EC0-301F-11D3-BF4B-00C04F79EFBC}") = "011_dynamic", "..\011_dynamic\011_dynamic.csproj", "{FAE7FFAF-542C-4A1F-8BDD-B6249EE9A250}"
EndProject
Project("{FAE04EC0-301F-11D3-BF4B-00C04F79EFBC}") = "012_where", "..\012_where\012_where.csproj", "{B63EBC51-2512-4B39-80A0-EB34A97B5F58}"
EndProject
Project("{FAE04EC0-301F-11D3-BF4B-00C04F79EFBC}") = "013_List", "..\013_List\013_List.csproj", "{0D47200D-405E-4036-983F-508921EB165D}"
EndProject
Project("{FAE04EC0-301F-11D3-BF4B-00C04F79EFBC}") = "014_Queue", "..\014_Queue\014_Queue.csproj", "{8A5B4200-303B-46A8-BE5A-6D3E1782CA14}"
EndProject
Project("{FAE04EC0-301F-11D3-BF4B-00C04F79EFBC}") = "015_Stack", "..\015_Stack\015_Stack.csproj", "{FDFDC2F2-7062-47E4-A2AE-11A6AF764747}"
EndProject
Project("{FAE04EC0-301F-11D3-BF4B-00C04F79EFBC}") = "016_Dictionary", "..\016_Dictionary\016_Dictionary.csproj", "{33F35F61-68A7-4688-8829-DF321D887F36}"
EndProject
Global
	GlobalSection(SolutionConfigurationPlatforms) = preSolution
		Debug|Any CPU = Debug|Any CPU
		Release|Any CPU = Release|Any CPU
	EndGlobalSection
	GlobalSection(ProjectConfigurationPlatforms) = postSolution
		{76DAF7DD-0409-477B-89E2-0240AAAFF165}.Debug|Any CPU.ActiveCfg = Debug|Any CPU
		{76DAF7DD-0409-477B-89E2-0240AAAFF165}.Debug|Any CPU.Build.0 = Debug|Any CPU
		{76DAF7DD-0409-477B-89E2-0240AAAFF165}.Release|Any CPU.ActiveCfg = Release|Any CPU
		{76DAF7DD-0409-477B-89E2-0240AAAFF165}.Release|Any CPU.Build.0 = Release|Any CPU
		{80734475-9FB3-4B96-99BB-CD090D56E737}.Debug|Any CPU.ActiveCfg = Debug|Any CPU
		{80734475-9FB3-4B96-99BB-CD090D56E737}.Debug|Any CPU.Build.0 = Debug|Any CPU
		{80734475-9FB3-4B96-99BB-CD090D56E737}.Release|Any CPU.ActiveCfg = Release|Any CPU
		{80734475-9FB3-4B96-99BB-CD090D56E737}.Release|Any CPU.Build.0 = Release|Any CPU
		{51A245B3-BFE2-450C-8640-FCA1D150CB98}.Debug|Any CPU.ActiveCfg = Debug|Any CPU
		{51A245B3-BFE2-450C-8640-FCA1D150CB98}.Debug|Any CPU.Build.0 = Debug|Any CPU
		{51A245B3-BFE2-450C-8640-FCA1D150CB98}.Release|Any CPU.ActiveCfg = Release|Any CPU
		{51A245B3-BFE2-450C-8640-FCA1D150CB98}.Release|Any CPU.Build.0 = Release|Any CPU
		{33235A1B-3D36-4A3D-810C-23121F5536B9}.Debug|Any CPU.ActiveCfg = Debug|Any CPU
		{33235A1B-3D36-4A3D-810C-23121F5536B9}.Debug|Any CPU.Build.0 = Debug|Any CPU
		{33235A1B-3D36-4A3D-810C-23121F5536B9}.Release|Any CPU.ActiveCfg = Release|Any CPU
		{33235A1B-3D36-4A3D-810C-23121F5536B9}.Release|Any CPU.Build.0 = Release|Any CPU
		{B80A8AA0-D83D-4DEA-9D5E-1B5675E939F4}.Debug|Any CPU.ActiveCfg = Debug|Any CPU
		{B80A8AA0-D83D-4DEA-9D5E-1B5675E939F4}.Debug|Any CPU.Build.0 = Debug|Any CPU
		{B80A8AA0-D83D-4DEA-9D5E-1B5675E939F4}.Release|Any CPU.ActiveCfg = Release|Any CPU
		{B80A8AA0-D83D-4DEA-9D5E-1B5675E939F4}.Release|Any CPU.Build.0 = Release|Any CPU
		{C95BCABE-B89E-43A6-93E6-5939E0C78793}.Debug|Any CPU.ActiveCfg = Debug|Any CPU
		{C95BCABE-B89E-43A6-93E6-5939E0C78793}.Debug|Any CPU.Build.0 = Debug|Any CPU
		{C95BCABE-B89E-43A6-93E6-5939E0C78793}.Release|Any CPU.ActiveCfg = Release|Any CPU
		{C95BCABE-B89E-43A6-93E6-5939E0C78793}.Release|Any CPU.Build.0 = Release|Any CPU
		{A01FDAC8-016F-4A49-9DCD-6DC8057149A3}.Debug|Any CPU.ActiveCfg = Debug|Any CPU
		{A01FDAC8-016F-4A49-9DCD-6DC8057149A3}.Debug|Any CPU.Build.0 = Debug|Any CPU
		{A01FDAC8-016F-4A49-9DCD-6DC8057149A3}.Release|Any CPU.ActiveCfg = Release|Any CPU
		{A01FDAC8-016F-4A49-9DCD-6DC8057149A3}.Release|Any CPU.Build.0 = Release|Any CPU
		{DF8FA591-50EE-4C5E-B909-7371DC8E966A}.Debug|Any CPU.ActiveCfg = Debug|Any CPU
		{DF8FA591-50EE-4C5E-B909-7371DC8E966A}.Debug|Any CPU.Build.0 = Debug|Any CPU
		{DF8FA591-50EE-4C5E-B909-7371DC8E966A}.Release|Any CPU.ActiveCfg = Release|Any CPU
		{DF8FA591-50EE-4C5E-B909-7371DC8E966A}.Release|Any CPU.Build.0 = Release|Any CPU
		{9513CF02-F135-4D7D-84A7-507533BFC649}.Debug|Any CPU.ActiveCfg = Debug|Any CPU
		{9513CF02-F135-4D7D-84A7-507533BFC649}.Debug|Any CPU.Build.0 = Debug|Any CPU
		{9513CF02-F135-4D7D-84A7-507533BFC649}.Release|Any CPU.ActiveCfg = Release|Any CPU
		{9513CF02-F135-4D7D-84A7-507533BFC649}.Release|Any CPU.Build.0 = Release|Any CPU
		{6D7AAB1D-E7AB-498F-B3E1-70456C74575E}.Debug|Any CPU.ActiveCfg = Debug|Any CPU
		{6D7AAB1D-E7AB-498F-B3E1-70456C74575E}.Debug|Any CPU.Build.0 = Debug|Any CPU
		{6D7AAB1D-E7AB-498F-B3E1-70456C74575E}.Release|Any CPU.ActiveCfg = Release|Any CPU
		{6D7AAB1D-E7AB-498F-B3E1-70456C74575E}.Release|Any CPU.Build.0 = Release|Any CPU
		{F5E305FE-A818-4FE6-8750-D1E7EE3B015E}.Debug|Any CPU.ActiveCfg = Debug|Any CPU
		{F5E305FE-A818-4FE6-8750-D1E7EE3B015E}.Debug|Any CPU.Build.0 = Debug|Any CPU
		{F5E305FE-A818-4FE6-8750-D1E7EE3B015E}.Release|Any CPU.ActiveCfg = Release|Any CPU
		{F5E305FE-A818-4FE6-8750-D1E7EE3B015E}.Release|Any CPU.Build.0 = Release|Any CPU
		{2AA9194E-867A-4315-9021-70CA9E280DE6}.Debug|Any CPU.ActiveCfg = Debug|Any CPU
		{2AA9194E-867A-4315-9021-70CA9E280DE6}.Debug|Any CPU.Build.0 = Debug|Any CPU
		{2AA9194E-867A-4315-9021-70CA9E280DE6}.Release|Any CPU.ActiveCfg = Release|Any CPU
		{2AA9194E-867A-4315-9021-70CA9E280DE6}.Release|Any CPU.Build.0 = Release|Any CPU
		{24CF1D9D-22E9-4062-A554-78033700CE1F}.Debug|Any CPU.ActiveCfg = Debug|Any CPU
		{24CF1D9D-22E9-4062-A554-78033700CE1F}.Debug|Any CPU.Build.0 = Debug|Any CPU
		{24CF1D9D-22E9-4062-A554-78033700CE1F}.Release|Any CPU.ActiveCfg = Release|Any CPU
		{24CF1D9D-22E9-4062-A554-78033700CE1F}.Release|Any CPU.Build.0 = Release|Any CPU
		{FAE7FFAF-542C-4A1F-8BDD-B6249EE9A250}.Debug|Any CPU.ActiveCfg = Debug|Any CPU
		{FAE7FFAF-542C-4A1F-8BDD-B6249EE9A250}.Debug|Any CPU.Build.0 = Debug|Any CPU
		{FAE7FFAF-542C-4A1F-8BDD-B6249EE9A250}.Release|Any CPU.ActiveCfg = Release|Any CPU
		{FAE7FFAF-542C-4A1F-8BDD-B6249EE9A250}.Release|Any CPU.Build.0 = Release|Any CPU
		{B63EBC51-2512-4B39-80A0-EB34A97B5F58}.Debug|Any CPU.ActiveCfg = Debug|Any CPU
		{B63EBC51-2512-4B39-80A0-EB34A97B5F58}.Debug|Any CPU.Build.0 = Debug|Any CPU
		{B63EBC51-2512-4B39-80A0-EB34A97B5F58}.Release|Any CPU.ActiveCfg = Release|Any CPU
		{B63EBC51-2512-4B39-80A0-EB34A97B5F58}.Release|Any CPU.Build.0 = Release|Any CPU
		{0D47200D-405E-4036-983F-508921EB165D}.Debug|Any CPU.ActiveCfg = Debug|Any CPU
		{0D47200D-405E-4036-983F-508921EB165D}.Debug|Any CPU.Build.0 = Debug|Any CPU
		{0D47200D-405E-4036-983F-508921EB165D}.Release|Any CPU.ActiveCfg = Release|Any CPU
		{0D47200D-405E-4036-983F-508921EB165D}.Release|Any CPU.Build.0 = Release|Any CPU
		{8A5B4200-303B-46A8-BE5A-6D3E1782CA14}.Debug|Any CPU.ActiveCfg = Debug|Any CPU
		{8A5B4200-303B-46A8-BE5A-6D3E1782CA14}.Debug|Any CPU.Build.0 = Debug|Any CPU
		{8A5B4200-303B-46A8-BE5A-6D3E1782CA14}.Release|Any CPU.ActiveCfg = Release|Any CPU
		{8A5B4200-303B-46A8-BE5A-6D3E1782CA14}.Release|Any CPU.Build.0 = Release|Any CPU
		{FDFDC2F2-7062-47E4-A2AE-11A6AF764747}.Debug|Any CPU.ActiveCfg = Debug|Any CPU
		{FDFDC2F2-7062-47E4-A2AE-11A6AF764747}.Debug|Any CPU.Build.0 = Debug|Any CPU
		{FDFDC2F2-7062-47E4-A2AE-11A6AF764747}.Release|Any CPU.ActiveCfg = Release|Any CPU
		{FDFDC2F2-7062-47E4-A2AE-11A6AF764747}.Release|Any CPU.Build.0 = Release|Any CPU
		{33F35F61-68A7-4688-8829-DF321D887F36}.Debug|Any CPU.ActiveCfg = Debug|Any CPU
		{33F35F61-68A7-4688-8829-DF321D887F36}.Debug|Any CPU.Build.0 = Debug|Any CPU
		{33F35F61-68A7-4688-8829-DF321D887F36}.Release|Any CPU.ActiveCfg = Release|Any CPU
		{33F35F61-68A7-4688-8829-DF321D887F36}.Release|Any CPU.Build.0 = Release|Any CPU
	EndGlobalSection
	GlobalSection(SolutionProperties) = preSolution
		HideSolutionNode = FALSE
	EndGlobalSection
	GlobalSection(ExtensibilityGlobals) = postSolution
		SolutionGuid = {8D6D3056-DFC2-4D79-9CE6-04A7F9B198F8}
	EndGlobalSection
EndGlobal
