
Microsoft Visual Studio Solution File, Format Version 12.00
# Visual Studio Version 16
VisualStudioVersion = 16.0.31205.134
MinimumVisualStudioVersion = 10.0.40219.1
Project("{FAE04EC0-301F-11D3-BF4B-00C04F79EFBC}") = "CSProjcet", "CSProjcet.csproj", "{76DAF7DD-0409-477B-89E2-0240AAAFF165}"
EndProject
Project("{FAE04EC0-301F-11D3-BF4B-00C04F79EFBC}") = "001_ArrayList", "..\001_ArrayList\001_ArrayList.csproj", "{80734475-9FB3-4B96-99BB-CD090D56E737}"
EndProject
Project("{FAE04EC0-301F-11D3-BF4B-00C04F79EFBC}") = "002_Queue", "..\002_Queue\002_Queue.csproj", "{51A245B3-BFE2-450C-8640-FCA1D150CB98}"
EndProject
Project("{FAE04EC0-301F-11D3-BF4B-00C04F79EFBC}") = "CheckPoint04", "..\CheckPoint04\CheckPoint04.csproj", "{33235A1B-3D36-4A3D-810C-23121F5536B9}"
EndProject
Project("{FAE04EC0-301F-11D3-BF4B-00C04F79EFBC}") = "003_Stack", "..\003_Stack\003_Stack.csproj", "{B80A8AA0-D83D-4DEA-9D5E-1B5675E939F4}"
EndProject
Project("{FAE04EC0-301F-11D3-BF4B-00C04F79EFBC}") = "CheckPoint04(연습)", "..\CheckPoint04(연습)\CheckPoint04(연습).csproj", "{C95BCABE-B89E-43A6-93E6-5939E0C78793}"
EndProject
Project("{FAE04EC0-301F-11D3-BF4B-00C04F79EFBC}") = "004_Hashtable", "..\004_Hashtable\004_Hashtable.csproj", "{A01FDAC8-016F-4A49-9DCD-6DC8057149A3}"
EndProject
Project("{FAE04EC0-301F-11D3-BF4B-00C04F79EFBC}") = "005_indexer", "..\005_indexer\005_indexer.csproj", "{DF8FA591-50EE-4C5E-B909-7371DC8E966A}"
EndProject
Project("{FAE04EC0-301F-11D3-BF4B-00C04F79EFBC}") = "006_Indexer02", "..\006_Indexer02\006_Indexer02.csproj", "{9513CF02-F135-4D7D-84A7-507533BFC649}"
EndProject
Project("{FAE04EC0-301F-11D3-BF4B-00C04F79EFBC}") = "007_Check", "..\007_Check\007_Check.csproj", "{6D7AAB1D-E7AB-498F-B3E1-70456C74575E}"
EndProject
Project("{FAE04EC0-301F-11D3-BF4B-00C04F79EFBC}") = "009_GenericFunc", "..\009_GenericFunc\009_GenericFunc.csproj", "{F5E305FE-A818-4FE6-8750-D1E7EE3B015E}"
EndProject
Project("{FAE04EC0-301F-11D3-BF4B-00C04F79EFBC}") = "010_GenericFunc2", "..\010_GenericFunc2\010_GenericFunc2.csproj", "{2AA9194E-867A-4315-9021-70CA9E280DE6}"
EndProject
Project("{FAE04EC0-301F-11D3-BF4B-00C04F79EFBC}") = "007_Check(연습)", "..\007_Check(연습)\007_Check(연습).csproj", "{24CF1D9D-22E9-4062-A554-78033700CE1F}"
EndProject
Project("{FAE04EC0-301F-11D3-BF4B-00C04F79EFBC}") = "011_dynamic", "..\011_dynamic\011_dynamic.csproj", "{FAE7FFAF-542C-4A1F-8BDD-B6249EE9A250}"
EndProject
Project("{FAE04EC0-301F-11D3-BF4B-00C04F79EFBC}") = "012_where", "..\012_where\012_where.csproj", "{B63EBC51-2512-4B39-80A0-EB34A97B5F58}"
EndProject
Project("{FAE04EC0-301F-11D3-BF4B-00C04F79EFBC}") = "013_List", "..\013_List\013_List.csproj", "{0D47200D-405E-4036-983F-508921EB165D}"
EndProject
Project("{FAE04EC0-301F-11D3-BF4B-00C04F79EFBC}") = "014_Queue", "..\014_Queue\014_Queue.csproj", "{8A5B4200-303B-46A8-BE5A-6D3E1782CA14}"
EndProject
Project("{FAE04EC0-301F-11D3-BF4B-00C04F79EFBC}") = "015_Stack", "..\015_Stack\015_Stack.csproj", "{FDFDC2F2-7062-47E4-A2AE-11A6AF764747}"
EndProject
Project("{FAE04EC0-301F-11D3-BF4B-00C04F79EFBC}") = "016_Dictionary", "..\016_Dictionary\016_Dictionary.csproj", "{33F35F61-68A7-4688-8829-DF321D887F36}"
EndProject
Project("{FAE04EC0-301F-11D3-BF4B-00C04F79EFBC}") = "017_trycatch", "..\017_trycatch\017_trycatch.csproj", "{BDF572C4-6718-47D6-9CAA-8AC805E5CDC3}"
EndProject
Project("{FAE04EC0-301F-11D3-BF4B-00C04F79EFBC}") = "018_Exception", "..\018_Exception\018_Exception.csproj", "{30717217-F064-4027-A59F-AE150F6EFD38}"
EndProject
Project("{FAE04EC0-301F-11D3-BF4B-00C04F79EFBC}") = "019_throw", "..\019_throw\019_throw.csproj", "{073A305F-CCA5-48BD-8A8E-E6ABD1E66981}"
EndProject
Project("{FAE04EC0-301F-11D3-BF4B-00C04F79EFBC}") = "114_finally", "..\114_finally\114_finally.csproj", "{3721276C-6800-4A08-A2CF-46E7519B652B}"
EndProject
Project("{FAE04EC0-301F-11D3-BF4B-00C04F79EFBC}") = "021_CustomException", "..\021_CustomException\021_CustomException.csproj", "{2ED83E17-F5A0-48E1-86BE-DEA30E82F8E8}"
EndProject
Project("{FAE04EC0-301F-11D3-BF4B-00C04F79EFBC}") = "022_delegate", "..\022_delegate\022_delegate.csproj", "{6E5B983C-4482-42CB-B8B9-C35929A410B8}"
EndProject
Project("{FAE04EC0-301F-11D3-BF4B-00C04F79EFBC}") = "023_delegateDeclare", "..\023_delegateDeclare\023_delegateDeclare.csproj", "{43945012-CB2F-4A2A-9255-6B46790C1BB9}"
EndProject
Project("{FAE04EC0-301F-11D3-BF4B-00C04F79EFBC}") = "024_delegateParam", "..\024_delegateParam\024_delegateParam.csproj", "{DC5687E2-4B74-4F80-AC1B-3ADE2DD66338}"
EndProject
Project("{FAE04EC0-301F-11D3-BF4B-00C04F79EFBC}") = "025_Event", "..\025_Event\025_Event.csproj", "{39268054-7074-4C6E-8546-2DBA4460ECF4}"
EndProject
Project("{FAE04EC0-301F-11D3-BF4B-00C04F79EFBC}") = "008_Check", "..\008_Check\008_Check.csproj", "{5ACDB7F5-56D2-4A26-B6FA-25D1BD9792BF}"
EndProject
Project("{FAE04EC0-301F-11D3-BF4B-00C04F79EFBC}") = "006_indexer(연습)", "..\006_indexer(연습)\006_indexer(연습).csproj", "{DD47FC00-A562-42FB-A0B9-AB2C6B500DFF}"
EndProject
Project("{FAE04EC0-301F-11D3-BF4B-00C04F79EFBC}") = "CheckPoint05", "..\CheckPoint05\CheckPoint05.csproj", "{E72FB585-1910-45B3-85E6-E8F811F1CE93}"
EndProject
Project("{FAE04EC0-301F-11D3-BF4B-00C04F79EFBC}") = "132_File01", "..\132_File01\132_File01.csproj", "{D6BF80AA-5114-4844-8087-3B650AD52AAB}"
EndProject
Project("{FAE04EC0-301F-11D3-BF4B-00C04F79EFBC}") = "133_File_BitConverter", "..\133_File_BitConverter\133_File_BitConverter.csproj", "{CF8506B0-195E-4022-9A1C-039B0000D9DF}"
EndProject
Project("{FAE04EC0-301F-11D3-BF4B-00C04F79EFBC}") = "134_File_StreamWriteReader", "..\134_File_StreamWriteReader\134_File_StreamWriteReader.csproj", "{3C2F6B42-2BAC-4DAB-8040-BB1F35AF55EF}"
EndProject
Project("{FAE04EC0-301F-11D3-BF4B-00C04F79EFBC}") = "135_File_binaryFormatter", "..\135_File_binaryFormatter\135_File_binaryFormatter.csproj", "{22354957-CC34-4FB8-BB1F-9EC243113DCE}"
EndProject
Project("{FAE04EC0-301F-11D3-BF4B-00C04F79EFBC}") = "136_File_binary_formatter2", "..\136_File_binary_formatter2\136_File_binary_formatter2.csproj", "{1092B83F-08A9-452E-BBF7-3420BF09D0EC}"
EndProject
Project("{FAE04EC0-301F-11D3-BF4B-00C04F79EFBC}") = "137_File_Binary", "..\137_File_Binary\137_File_Binary.csproj", "{CFCF47E7-713F-47BF-980E-7D81D942394A}"
EndProject
Project("{FAE04EC0-301F-11D3-BF4B-00C04F79EFBC}") = "CheckPoint05(연습)", "..\CheckPoint005(연습)\CheckPoint05(연습).csproj", "{333772E0-7CE4-4A01-A4C8-0237ACBB3F2E}"
EndProject
Global
	GlobalSection(SolutionConfigurationPlatforms) = preSolution
		Debug|Any CPU = Debug|Any CPU
		Release|Any CPU = Release|Any CPU
	EndGlobalSection
	GlobalSection(ProjectConfigurationPlatforms) = postSolution
		{76DAF7DD-0409-477B-89E2-0240AAAFF165}.Debug|Any CPU.ActiveCfg = Debug|Any CPU
		{76DAF7DD-0409-477B-89E2-0240AAAFF165}.Debug|Any CPU.Build.0 = Debug|Any CPU
		{76DAF7DD-0409-477B-89E2-0240AAAFF165}.Release|Any CPU.ActiveCfg = Release|Any CPU
		{76DAF7DD-0409-477B-89E2-0240AAAFF165}.Release|Any CPU.Build.0 = Release|Any CPU
		{80734475-9FB3-4B96-99BB-CD090D56E737}.Debug|Any CPU.ActiveCfg = Debug|Any CPU
		{80734475-9FB3-4B96-99BB-CD090D56E737}.Debug|Any CPU.Build.0 = Debug|Any CPU
		{80734475-9FB3-4B96-99BB-CD090D56E737}.Release|Any CPU.ActiveCfg = Release|Any CPU
		{80734475-9FB3-4B96-99BB-CD090D56E737}.Release|Any CPU.Build.0 = Release|Any CPU
		{51A245B3-BFE2-450C-8640-FCA1D150CB98}.Debug|Any CPU.ActiveCfg = Debug|Any CPU
		{51A245B3-BFE2-450C-8640-FCA1D150CB98}.Debug|Any CPU.Build.0 = Debug|Any CPU
		{51A245B3-BFE2-450C-8640-FCA1D150CB98}.Release|Any CPU.ActiveCfg = Release|Any CPU
		{51A245B3-BFE2-450C-8640-FCA1D150CB98}.Release|Any CPU.Build.0 = Release|Any CPU
		{33235A1B-3D36-4A3D-810C-23121F5536B9}.Debug|Any CPU.ActiveCfg = Debug|Any CPU
		{33235A1B-3D36-4A3D-810C-23121F5536B9}.Debug|Any CPU.Build.0 = Debug|Any CPU
		{33235A1B-3D36-4A3D-810C-23121F5536B9}.Release|Any CPU.ActiveCfg = Release|Any CPU
		{33235A1B-3D36-4A3D-810C-23121F5536B9}.Release|Any CPU.Build.0 = Release|Any CPU
		{B80A8AA0-D83D-4DEA-9D5E-1B5675E939F4}.Debug|Any CPU.ActiveCfg = Debug|Any CPU
		{B80A8AA0-D83D-4DEA-9D5E-1B5675E939F4}.Debug|Any CPU.Build.0 = Debug|Any CPU
		{B80A8AA0-D83D-4DEA-9D5E-1B5675E939F4}.Release|Any CPU.ActiveCfg = Release|Any CPU
		{B80A8AA0-D83D-4DEA-9D5E-1B5675E939F4}.Release|Any CPU.Build.0 = Release|Any CPU
		{C95BCABE-B89E-43A6-93E6-5939E0C78793}.Debug|Any CPU.ActiveCfg = Debug|Any CPU
		{C95BCABE-B89E-43A6-93E6-5939E0C78793}.Debug|Any CPU.Build.0 = Debug|Any CPU
		{C95BCABE-B89E-43A6-93E6-5939E0C78793}.Release|Any CPU.ActiveCfg = Release|Any CPU
		{C95BCABE-B89E-43A6-93E6-5939E0C78793}.Release|Any CPU.Build.0 = Release|Any CPU
		{A01FDAC8-016F-4A49-9DCD-6DC8057149A3}.Debug|Any CPU.ActiveCfg = Debug|Any CPU
		{A01FDAC8-016F-4A49-9DCD-6DC8057149A3}.Debug|Any CPU.Build.0 = Debug|Any CPU
		{A01FDAC8-016F-4A49-9DCD-6DC8057149A3}.Release|Any CPU.ActiveCfg = Release|Any CPU
		{A01FDAC8-016F-4A49-9DCD-6DC8057149A3}.Release|Any CPU.Build.0 = Release|Any CPU
		{DF8FA591-50EE-4C5E-B909-7371DC8E966A}.Debug|Any CPU.ActiveCfg = Debug|Any CPU
		{DF8FA591-50EE-4C5E-B909-7371DC8E966A}.Debug|Any CPU.Build.0 = Debug|Any CPU
		{DF8FA591-50EE-4C5E-B909-7371DC8E966A}.Release|Any CPU.ActiveCfg = Release|Any CPU
		{DF8FA591-50EE-4C5E-B909-7371DC8E966A}.Release|Any CPU.Build.0 = Release|Any CPU
		{9513CF02-F135-4D7D-84A7-507533BFC649}.Debug|Any CPU.ActiveCfg = Debug|Any CPU
		{9513CF02-F135-4D7D-84A7-507533BFC649}.Debug|Any CPU.Build.0 = Debug|Any CPU
		{9513CF02-F135-4D7D-84A7-507533BFC649}.Release|Any CPU.ActiveCfg = Release|Any CPU
		{9513CF02-F135-4D7D-84A7-507533BFC649}.Release|Any CPU.Build.0 = Release|Any CPU
		{6D7AAB1D-E7AB-498F-B3E1-70456C74575E}.Debug|Any CPU.ActiveCfg = Debug|Any CPU
		{6D7AAB1D-E7AB-498F-B3E1-70456C74575E}.Debug|Any CPU.Build.0 = Debug|Any CPU
		{6D7AAB1D-E7AB-498F-B3E1-70456C74575E}.Release|Any CPU.ActiveCfg = Release|Any CPU
		{6D7AAB1D-E7AB-498F-B3E1-70456C74575E}.Release|Any CPU.Build.0 = Release|Any CPU
		{F5E305FE-A818-4FE6-8750-D1E7EE3B015E}.Debug|Any CPU.ActiveCfg = Debug|Any CPU
		{F5E305FE-A818-4FE6-8750-D1E7EE3B015E}.Debug|Any CPU.Build.0 = Debug|Any CPU
		{F5E305FE-A818-4FE6-8750-D1E7EE3B015E}.Release|Any CPU.ActiveCfg = Release|Any CPU
		{F5E305FE-A818-4FE6-8750-D1E7EE3B015E}.Release|Any CPU.Build.0 = Release|Any CPU
		{2AA9194E-867A-4315-9021-70CA9E280DE6}.Debug|Any CPU.ActiveCfg = Debug|Any CPU
		{2AA9194E-867A-4315-9021-70CA9E280DE6}.Debug|Any CPU.Build.0 = Debug|Any CPU
		{2AA9194E-867A-4315-9021-70CA9E280DE6}.Release|Any CPU.ActiveCfg = Release|Any CPU
		{2AA9194E-867A-4315-9021-70CA9E280DE6}.Release|Any CPU.Build.0 = Release|Any CPU
		{24CF1D9D-22E9-4062-A554-78033700CE1F}.Debug|Any CPU.ActiveCfg = Debug|Any CPU
		{24CF1D9D-22E9-4062-A554-78033700CE1F}.Debug|Any CPU.Build.0 = Debug|Any CPU
		{24CF1D9D-22E9-4062-A554-78033700CE1F}.Release|Any CPU.ActiveCfg = Release|Any CPU
		{24CF1D9D-22E9-4062-A554-78033700CE1F}.Release|Any CPU.Build.0 = Release|Any CPU
		{FAE7FFAF-542C-4A1F-8BDD-B6249EE9A250}.Debug|Any CPU.ActiveCfg = Debug|Any CPU
		{FAE7FFAF-542C-4A1F-8BDD-B6249EE9A250}.Debug|Any CPU.Build.0 = Debug|Any CPU
		{FAE7FFAF-542C-4A1F-8BDD-B6249EE9A250}.Release|Any CPU.ActiveCfg = Release|Any CPU
		{FAE7FFAF-542C-4A1F-8BDD-B6249EE9A250}.Release|Any CPU.Build.0 = Release|Any CPU
		{B63EBC51-2512-4B39-80A0-EB34A97B5F58}.Debug|Any CPU.ActiveCfg = Debug|Any CPU
		{B63EBC51-2512-4B39-80A0-EB34A97B5F58}.Debug|Any CPU.Build.0 = Debug|Any CPU
		{B63EBC51-2512-4B39-80A0-EB34A97B5F58}.Release|Any CPU.ActiveCfg = Release|Any CPU
		{B63EBC51-2512-4B39-80A0-EB34A97B5F58}.Release|Any CPU.Build.0 = Release|Any CPU
		{0D47200D-405E-4036-983F-508921EB165D}.Debug|Any CPU.ActiveCfg = Debug|Any CPU
		{0D47200D-405E-4036-983F-508921EB165D}.Debug|Any CPU.Build.0 = Debug|Any CPU
		{0D47200D-405E-4036-983F-508921EB165D}.Release|Any CPU.ActiveCfg = Release|Any CPU
		{0D47200D-405E-4036-983F-508921EB165D}.Release|Any CPU.Build.0 = Release|Any CPU
		{8A5B4200-303B-46A8-BE5A-6D3E1782CA14}.Debug|Any CPU.ActiveCfg = Debug|Any CPU
		{8A5B4200-303B-46A8-BE5A-6D3E1782CA14}.Debug|Any CPU.Build.0 = Debug|Any CPU
		{8A5B4200-303B-46A8-BE5A-6D3E1782CA14}.Release|Any CPU.ActiveCfg = Release|Any CPU
		{8A5B4200-303B-46A8-BE5A-6D3E1782CA14}.Release|Any CPU.Build.0 = Release|Any CPU
		{FDFDC2F2-7062-47E4-A2AE-11A6AF764747}.Debug|Any CPU.ActiveCfg = Debug|Any CPU
		{FDFDC2F2-7062-47E4-A2AE-11A6AF764747}.Debug|Any CPU.Build.0 = Debug|Any CPU
		{FDFDC2F2-7062-47E4-A2AE-11A6AF764747}.Release|Any CPU.ActiveCfg = Release|Any CPU
		{FDFDC2F2-7062-47E4-A2AE-11A6AF764747}.Release|Any CPU.Build.0 = Release|Any CPU
		{33F35F61-68A7-4688-8829-DF321D887F36}.Debug|Any CPU.ActiveCfg = Debug|Any CPU
		{33F35F61-68A7-4688-8829-DF321D887F36}.Debug|Any CPU.Build.0 = Debug|Any CPU
		{33F35F61-68A7-4688-8829-DF321D887F36}.Release|Any CPU.ActiveCfg = Release|Any CPU
		{33F35F61-68A7-4688-8829-DF321D887F36}.Release|Any CPU.Build.0 = Release|Any CPU
		{BDF572C4-6718-47D6-9CAA-8AC805E5CDC3}.Debug|Any CPU.ActiveCfg = Debug|Any CPU
		{BDF572C4-6718-47D6-9CAA-8AC805E5CDC3}.Debug|Any CPU.Build.0 = Debug|Any CPU
		{BDF572C4-6718-47D6-9CAA-8AC805E5CDC3}.Release|Any CPU.ActiveCfg = Release|Any CPU
		{BDF572C4-6718-47D6-9CAA-8AC805E5CDC3}.Release|Any CPU.Build.0 = Release|Any CPU
		{30717217-F064-4027-A59F-AE150F6EFD38}.Debug|Any CPU.ActiveCfg = Debug|Any CPU
		{30717217-F064-4027-A59F-AE150F6EFD38}.Debug|Any CPU.Build.0 = Debug|Any CPU
		{30717217-F064-4027-A59F-AE150F6EFD38}.Release|Any CPU.ActiveCfg = Release|Any CPU
		{30717217-F064-4027-A59F-AE150F6EFD38}.Release|Any CPU.Build.0 = Release|Any CPU
		{073A305F-CCA5-48BD-8A8E-E6ABD1E66981}.Debug|Any CPU.ActiveCfg = Debug|Any CPU
		{073A305F-CCA5-48BD-8A8E-E6ABD1E66981}.Debug|Any CPU.Build.0 = Debug|Any CPU
		{073A305F-CCA5-48BD-8A8E-E6ABD1E66981}.Release|Any CPU.ActiveCfg = Release|Any CPU
		{073A305F-CCA5-48BD-8A8E-E6ABD1E66981}.Release|Any CPU.Build.0 = Release|Any CPU
		{3721276C-6800-4A08-A2CF-46E7519B652B}.Debug|Any CPU.ActiveCfg = Debug|Any CPU
		{3721276C-6800-4A08-A2CF-46E7519B652B}.Debug|Any CPU.Build.0 = Debug|Any CPU
		{3721276C-6800-4A08-A2CF-46E7519B652B}.Release|Any CPU.ActiveCfg = Release|Any CPU
		{3721276C-6800-4A08-A2CF-46E7519B652B}.Release|Any CPU.Build.0 = Release|Any CPU
		{2ED83E17-F5A0-48E1-86BE-DEA30E82F8E8}.Debug|Any CPU.ActiveCfg = Debug|Any CPU
		{2ED83E17-F5A0-48E1-86BE-DEA30E82F8E8}.Debug|Any CPU.Build.0 = Debug|Any CPU
		{2ED83E17-F5A0-48E1-86BE-DEA30E82F8E8}.Release|Any CPU.ActiveCfg = Release|Any CPU
		{2ED83E17-F5A0-48E1-86BE-DEA30E82F8E8}.Release|Any CPU.Build.0 = Release|Any CPU
		{6E5B983C-4482-42CB-B8B9-C35929A410B8}.Debug|Any CPU.ActiveCfg = Debug|Any CPU
		{6E5B983C-4482-42CB-B8B9-C35929A410B8}.Debug|Any CPU.Build.0 = Debug|Any CPU
		{6E5B983C-4482-42CB-B8B9-C35929A410B8}.Release|Any CPU.ActiveCfg = Release|Any CPU
		{6E5B983C-4482-42CB-B8B9-C35929A410B8}.Release|Any CPU.Build.0 = Release|Any CPU
		{43945012-CB2F-4A2A-9255-6B46790C1BB9}.Debug|Any CPU.ActiveCfg = Debug|Any CPU
		{43945012-CB2F-4A2A-9255-6B46790C1BB9}.Debug|Any CPU.Build.0 = Debug|Any CPU
		{43945012-CB2F-4A2A-9255-6B46790C1BB9}.Release|Any CPU.ActiveCfg = Release|Any CPU
		{43945012-CB2F-4A2A-9255-6B46790C1BB9}.Release|Any CPU.Build.0 = Release|Any CPU
		{DC5687E2-4B74-4F80-AC1B-3ADE2DD66338}.Debug|Any CPU.ActiveCfg = Debug|Any CPU
		{DC5687E2-4B74-4F80-AC1B-3ADE2DD66338}.Debug|Any CPU.Build.0 = Debug|Any CPU
		{DC5687E2-4B74-4F80-AC1B-3ADE2DD66338}.Release|Any CPU.ActiveCfg = Release|Any CPU
		{DC5687E2-4B74-4F80-AC1B-3ADE2DD66338}.Release|Any CPU.Build.0 = Release|Any CPU
		{39268054-7074-4C6E-8546-2DBA4460ECF4}.Debug|Any CPU.ActiveCfg = Debug|Any CPU
		{39268054-7074-4C6E-8546-2DBA4460ECF4}.Debug|Any CPU.Build.0 = Debug|Any CPU
		{39268054-7074-4C6E-8546-2DBA4460ECF4}.Release|Any CPU.ActiveCfg = Release|Any CPU
		{39268054-7074-4C6E-8546-2DBA4460ECF4}.Release|Any CPU.Build.0 = Release|Any CPU
		{5ACDB7F5-56D2-4A26-B6FA-25D1BD9792BF}.Debug|Any CPU.ActiveCfg = Debug|Any CPU
		{5ACDB7F5-56D2-4A26-B6FA-25D1BD9792BF}.Debug|Any CPU.Build.0 = Debug|Any CPU
		{5ACDB7F5-56D2-4A26-B6FA-25D1BD9792BF}.Release|Any CPU.ActiveCfg = Release|Any CPU
		{5ACDB7F5-56D2-4A26-B6FA-25D1BD9792BF}.Release|Any CPU.Build.0 = Release|Any CPU
		{DD47FC00-A562-42FB-A0B9-AB2C6B500DFF}.Debug|Any CPU.ActiveCfg = Debug|Any CPU
		{DD47FC00-A562-42FB-A0B9-AB2C6B500DFF}.Debug|Any CPU.Build.0 = Debug|Any CPU
		{DD47FC00-A562-42FB-A0B9-AB2C6B500DFF}.Release|Any CPU.ActiveCfg = Release|Any CPU
		{DD47FC00-A562-42FB-A0B9-AB2C6B500DFF}.Release|Any CPU.Build.0 = Release|Any CPU
		{E72FB585-1910-45B3-85E6-E8F811F1CE93}.Debug|Any CPU.ActiveCfg = Debug|Any CPU
		{E72FB585-1910-45B3-85E6-E8F811F1CE93}.Debug|Any CPU.Build.0 = Debug|Any CPU
		{E72FB585-1910-45B3-85E6-E8F811F1CE93}.Release|Any CPU.ActiveCfg = Release|Any CPU
		{E72FB585-1910-45B3-85E6-E8F811F1CE93}.Release|Any CPU.Build.0 = Release|Any CPU
		{D6BF80AA-5114-4844-8087-3B650AD52AAB}.Debug|Any CPU.ActiveCfg = Debug|Any CPU
		{D6BF80AA-5114-4844-8087-3B650AD52AAB}.Debug|Any CPU.Build.0 = Debug|Any CPU
		{D6BF80AA-5114-4844-8087-3B650AD52AAB}.Release|Any CPU.ActiveCfg = Release|Any CPU
		{D6BF80AA-5114-4844-8087-3B650AD52AAB}.Release|Any CPU.Build.0 = Release|Any CPU
		{CF8506B0-195E-4022-9A1C-039B0000D9DF}.Debug|Any CPU.ActiveCfg = Debug|Any CPU
		{CF8506B0-195E-4022-9A1C-039B0000D9DF}.Debug|Any CPU.Build.0 = Debug|Any CPU
		{CF8506B0-195E-4022-9A1C-039B0000D9DF}.Release|Any CPU.ActiveCfg = Release|Any CPU
		{CF8506B0-195E-4022-9A1C-039B0000D9DF}.Release|Any CPU.Build.0 = Release|Any CPU
		{3C2F6B42-2BAC-4DAB-8040-BB1F35AF55EF}.Debug|Any CPU.ActiveCfg = Debug|Any CPU
		{3C2F6B42-2BAC-4DAB-8040-BB1F35AF55EF}.Debug|Any CPU.Build.0 = Debug|Any CPU
		{3C2F6B42-2BAC-4DAB-8040-BB1F35AF55EF}.Release|Any CPU.ActiveCfg = Release|Any CPU
		{3C2F6B42-2BAC-4DAB-8040-BB1F35AF55EF}.Release|Any CPU.Build.0 = Release|Any CPU
		{22354957-CC34-4FB8-BB1F-9EC243113DCE}.Debug|Any CPU.ActiveCfg = Debug|Any CPU
		{22354957-CC34-4FB8-BB1F-9EC243113DCE}.Debug|Any CPU.Build.0 = Debug|Any CPU
		{22354957-CC34-4FB8-BB1F-9EC243113DCE}.Release|Any CPU.ActiveCfg = Release|Any CPU
		{22354957-CC34-4FB8-BB1F-9EC243113DCE}.Release|Any CPU.Build.0 = Release|Any CPU
		{1092B83F-08A9-452E-BBF7-3420BF09D0EC}.Debug|Any CPU.ActiveCfg = Debug|Any CPU
		{1092B83F-08A9-452E-BBF7-3420BF09D0EC}.Debug|Any CPU.Build.0 = Debug|Any CPU
		{1092B83F-08A9-452E-BBF7-3420BF09D0EC}.Release|Any CPU.ActiveCfg = Release|Any CPU
		{1092B83F-08A9-452E-BBF7-3420BF09D0EC}.Release|Any CPU.Build.0 = Release|Any CPU
		{CFCF47E7-713F-47BF-980E-7D81D942394A}.Debug|Any CPU.ActiveCfg = Debug|Any CPU
		{CFCF47E7-713F-47BF-980E-7D81D942394A}.Debug|Any CPU.Build.0 = Debug|Any CPU
		{CFCF47E7-713F-47BF-980E-7D81D942394A}.Release|Any CPU.ActiveCfg = Release|Any CPU
		{CFCF47E7-713F-47BF-980E-7D81D942394A}.Release|Any CPU.Build.0 = Release|Any CPU
		{333772E0-7CE4-4A01-A4C8-0237ACBB3F2E}.Debug|Any CPU.ActiveCfg = Debug|Any CPU
		{333772E0-7CE4-4A01-A4C8-0237ACBB3F2E}.Debug|Any CPU.Build.0 = Debug|Any CPU
		{333772E0-7CE4-4A01-A4C8-0237ACBB3F2E}.Release|Any CPU.ActiveCfg = Release|Any CPU
		{333772E0-7CE4-4A01-A4C8-0237ACBB3F2E}.Release|Any CPU.Build.0 = Release|Any CPU
	EndGlobalSection
	GlobalSection(SolutionProperties) = preSolution
		HideSolutionNode = FALSE
	EndGlobalSection
	GlobalSection(ExtensibilityGlobals) = postSolution
		SolutionGuid = {8D6D3056-DFC2-4D79-9CE6-04A7F9B198F8}
	EndGlobalSection
EndGlobal
